
Microsoft Visual Studio Solution File, Format Version 12.00
# Visual Studio Version 16
VisualStudioVersion = 16.0.30907.101
MinimumVisualStudioVersion = 10.0.40219.1
Project("{9A19103F-16F7-4668-BE54-9A1E7A4F7556}") = "1.BaseCource", "BaseCource\1.BaseCource.csproj", "{7E8D9CD0-FFD6-4EF9-96BC-985087EEBB8B}"
EndProject
Project("{9A19103F-16F7-4668-BE54-9A1E7A4F7556}") = "2.UseRunMap", "2.UseRunMap\2.UseRunMap.csproj", "{AB474A57-BBE1-438F-AA43-FEB40D2A9B6C}"
EndProject
Project("{9A19103F-16F7-4668-BE54-9A1E7A4F7556}") = "3.CreateMiddleware", "3.CreateMiddleware\3.CreateMiddleware.csproj", "{9F0322A1-4582-4459-9575-1EE34EE38CA7}"
EndProject
Project("{9A19103F-16F7-4668-BE54-9A1E7A4F7556}") = "4.ConveyorOfRequestProcessing", "4.ConveyorOfRequestProcessing\4.ConveyorOfRequestProcessing.csproj", "{73AEB3B2-0762-45AB-AD02-3A8EC1B028FB}"
EndProject
Project("{9A19103F-16F7-4668-BE54-9A1E7A4F7556}") = "5.IWebHostEnvironmentAndOther", "5.IWebHostEnvironment\5.IWebHostEnvironmentAndOther.csproj", "{71A4F389-1EBB-4A4D-B201-B4E673D6B694}"
EndProject
Project("{9A19103F-16F7-4668-BE54-9A1E7A4F7556}") = "6.StaticFiles", "6.StaticFiles\6.StaticFiles.csproj", "{B061692F-4E90-46B6-AF08-D275F3137454}"
EndProject
Project("{9A19103F-16F7-4668-BE54-9A1E7A4F7556}") = "3[Repeat].CreateMiddleware", "3[Repeat].CreateMiddleware\3[Repeat].CreateMiddleware.csproj", "{16DACFE0-1B83-42E0-AE52-BDF7E36F5A23}"
EndProject
Project("{9A19103F-16F7-4668-BE54-9A1E7A4F7556}") = "4[Repeat].ConveyorOfRequestProcessing", "4[Repeat].ConveyorOfRequestProcessing\4[Repeat].ConveyorOfRequestProcessing.csproj", "{9B3DA5DA-4B08-47C0-AB11-4BE94E1D6FD5}"
EndProject
Project("{9A19103F-16F7-4668-BE54-9A1E7A4F7556}") = "6[Repeat].StaticFiles", "6[Repeat].StaticFiles\6[Repeat].StaticFiles.csproj", "{E7EDF049-A34A-463E-88AA-AC7126C9321F}"
EndProject
Project("{9A19103F-16F7-4668-BE54-9A1E7A4F7556}") = "7.ExceptionsHandling", "7.ExceptionsHandling\7.ExceptionsHandling.csproj", "{946A8E87-040E-4919-AA4A-F3EB82144D6A}"
EndProject
Project("{9A19103F-16F7-4668-BE54-9A1E7A4F7556}") = "7.1.HttpErrorHandling", "7.1.HttpErrorHandling\7.1.HttpErrorHandling.csproj", "{0D8AAE92-A1E8-4AE3-8EDF-E99AFC3404F4}"
EndProject
Project("{FAE04EC0-301F-11D3-BF4B-00C04F79EFBC}") = "8.WhatIsServices", "8.WhatIsServices\8.WhatIsServices.csproj", "{889F5B72-4DDB-49E3-BA91-8DEB62913072}"
EndProject
Project("{FAE04EC0-301F-11D3-BF4B-00C04F79EFBC}") = "9.MyService", "9.MyService\9.MyService.csproj", "{5863BAFB-CF74-495A-8D63-F6C8D5F7CDE4}"
EndProject
Project("{FAE04EC0-301F-11D3-BF4B-00C04F79EFBC}") = "10.ServicesLifetime", "10.ServicesLifetime\10.ServicesLifetime.csproj", "{7C87073C-C9BD-4674-BC17-E5FE780845BE}"
EndProject
Project("{2150E333-8FDC-42A3-9474-1A3956D46DE8}") = "9", "9", "{042F9A39-8315-4B75-A7A6-41E69BF0FC2E}"
EndProject
Project("{2150E333-8FDC-42A3-9474-1A3956D46DE8}") = "19", "19", "{9598F333-8DBC-4F59-A1ED-A9256B6E0F2B}"
EndProject
Global
	GlobalSection(SolutionConfigurationPlatforms) = preSolution
		Debug|Any CPU = Debug|Any CPU
		Release|Any CPU = Release|Any CPU
	EndGlobalSection
	GlobalSection(ProjectConfigurationPlatforms) = postSolution
		{7E8D9CD0-FFD6-4EF9-96BC-985087EEBB8B}.Debug|Any CPU.ActiveCfg = Debug|Any CPU
		{7E8D9CD0-FFD6-4EF9-96BC-985087EEBB8B}.Debug|Any CPU.Build.0 = Debug|Any CPU
		{7E8D9CD0-FFD6-4EF9-96BC-985087EEBB8B}.Release|Any CPU.ActiveCfg = Release|Any CPU
		{7E8D9CD0-FFD6-4EF9-96BC-985087EEBB8B}.Release|Any CPU.Build.0 = Release|Any CPU
		{AB474A57-BBE1-438F-AA43-FEB40D2A9B6C}.Debug|Any CPU.ActiveCfg = Debug|Any CPU
		{AB474A57-BBE1-438F-AA43-FEB40D2A9B6C}.Debug|Any CPU.Build.0 = Debug|Any CPU
		{AB474A57-BBE1-438F-AA43-FEB40D2A9B6C}.Release|Any CPU.ActiveCfg = Release|Any CPU
		{AB474A57-BBE1-438F-AA43-FEB40D2A9B6C}.Release|Any CPU.Build.0 = Release|Any CPU
		{9F0322A1-4582-4459-9575-1EE34EE38CA7}.Debug|Any CPU.ActiveCfg = Debug|Any CPU
		{9F0322A1-4582-4459-9575-1EE34EE38CA7}.Debug|Any CPU.Build.0 = Debug|Any CPU
		{9F0322A1-4582-4459-9575-1EE34EE38CA7}.Release|Any CPU.ActiveCfg = Release|Any CPU
		{9F0322A1-4582-4459-9575-1EE34EE38CA7}.Release|Any CPU.Build.0 = Release|Any CPU
		{73AEB3B2-0762-45AB-AD02-3A8EC1B028FB}.Debug|Any CPU.ActiveCfg = Debug|Any CPU
		{73AEB3B2-0762-45AB-AD02-3A8EC1B028FB}.Debug|Any CPU.Build.0 = Debug|Any CPU
		{73AEB3B2-0762-45AB-AD02-3A8EC1B028FB}.Release|Any CPU.ActiveCfg = Release|Any CPU
		{73AEB3B2-0762-45AB-AD02-3A8EC1B028FB}.Release|Any CPU.Build.0 = Release|Any CPU
		{71A4F389-1EBB-4A4D-B201-B4E673D6B694}.Debug|Any CPU.ActiveCfg = Debug|Any CPU
		{71A4F389-1EBB-4A4D-B201-B4E673D6B694}.Debug|Any CPU.Build.0 = Debug|Any CPU
		{71A4F389-1EBB-4A4D-B201-B4E673D6B694}.Release|Any CPU.ActiveCfg = Release|Any CPU
		{71A4F389-1EBB-4A4D-B201-B4E673D6B694}.Release|Any CPU.Build.0 = Release|Any CPU
		{B061692F-4E90-46B6-AF08-D275F3137454}.Debug|Any CPU.ActiveCfg = Debug|Any CPU
		{B061692F-4E90-46B6-AF08-D275F3137454}.Debug|Any CPU.Build.0 = Debug|Any CPU
		{B061692F-4E90-46B6-AF08-D275F3137454}.Release|Any CPU.ActiveCfg = Release|Any CPU
		{B061692F-4E90-46B6-AF08-D275F3137454}.Release|Any CPU.Build.0 = Release|Any CPU
		{16DACFE0-1B83-42E0-AE52-BDF7E36F5A23}.Debug|Any CPU.ActiveCfg = Debug|Any CPU
		{16DACFE0-1B83-42E0-AE52-BDF7E36F5A23}.Debug|Any CPU.Build.0 = Debug|Any CPU
		{16DACFE0-1B83-42E0-AE52-BDF7E36F5A23}.Release|Any CPU.ActiveCfg = Release|Any CPU
		{16DACFE0-1B83-42E0-AE52-BDF7E36F5A23}.Release|Any CPU.Build.0 = Release|Any CPU
		{9B3DA5DA-4B08-47C0-AB11-4BE94E1D6FD5}.Debug|Any CPU.ActiveCfg = Debug|Any CPU
		{9B3DA5DA-4B08-47C0-AB11-4BE94E1D6FD5}.Debug|Any CPU.Build.0 = Debug|Any CPU
		{9B3DA5DA-4B08-47C0-AB11-4BE94E1D6FD5}.Release|Any CPU.ActiveCfg = Release|Any CPU
		{9B3DA5DA-4B08-47C0-AB11-4BE94E1D6FD5}.Release|Any CPU.Build.0 = Release|Any CPU
		{E7EDF049-A34A-463E-88AA-AC7126C9321F}.Debug|Any CPU.ActiveCfg = Debug|Any CPU
		{E7EDF049-A34A-463E-88AA-AC7126C9321F}.Debug|Any CPU.Build.0 = Debug|Any CPU
		{E7EDF049-A34A-463E-88AA-AC7126C9321F}.Release|Any CPU.ActiveCfg = Release|Any CPU
		{E7EDF049-A34A-463E-88AA-AC7126C9321F}.Release|Any CPU.Build.0 = Release|Any CPU
		{946A8E87-040E-4919-AA4A-F3EB82144D6A}.Debug|Any CPU.ActiveCfg = Debug|Any CPU
		{946A8E87-040E-4919-AA4A-F3EB82144D6A}.Debug|Any CPU.Build.0 = Debug|Any CPU
		{946A8E87-040E-4919-AA4A-F3EB82144D6A}.Release|Any CPU.ActiveCfg = Release|Any CPU
		{946A8E87-040E-4919-AA4A-F3EB82144D6A}.Release|Any CPU.Build.0 = Release|Any CPU
		{0D8AAE92-A1E8-4AE3-8EDF-E99AFC3404F4}.Debug|Any CPU.ActiveCfg = Debug|Any CPU
		{0D8AAE92-A1E8-4AE3-8EDF-E99AFC3404F4}.Debug|Any CPU.Build.0 = Debug|Any CPU
		{0D8AAE92-A1E8-4AE3-8EDF-E99AFC3404F4}.Release|Any CPU.ActiveCfg = Release|Any CPU
		{0D8AAE92-A1E8-4AE3-8EDF-E99AFC3404F4}.Release|Any CPU.Build.0 = Release|Any CPU
		{889F5B72-4DDB-49E3-BA91-8DEB62913072}.Debug|Any CPU.ActiveCfg = Debug|Any CPU
		{889F5B72-4DDB-49E3-BA91-8DEB62913072}.Debug|Any CPU.Build.0 = Debug|Any CPU
		{889F5B72-4DDB-49E3-BA91-8DEB62913072}.Release|Any CPU.ActiveCfg = Release|Any CPU
		{889F5B72-4DDB-49E3-BA91-8DEB62913072}.Release|Any CPU.Build.0 = Release|Any CPU
		{5863BAFB-CF74-495A-8D63-F6C8D5F7CDE4}.Debug|Any CPU.ActiveCfg = Debug|Any CPU
		{5863BAFB-CF74-495A-8D63-F6C8D5F7CDE4}.Debug|Any CPU.Build.0 = Debug|Any CPU
		{5863BAFB-CF74-495A-8D63-F6C8D5F7CDE4}.Release|Any CPU.ActiveCfg = Release|Any CPU
		{5863BAFB-CF74-495A-8D63-F6C8D5F7CDE4}.Release|Any CPU.Build.0 = Release|Any CPU
		{7C87073C-C9BD-4674-BC17-E5FE780845BE}.Debug|Any CPU.ActiveCfg = Debug|Any CPU
		{7C87073C-C9BD-4674-BC17-E5FE780845BE}.Debug|Any CPU.Build.0 = Debug|Any CPU
		{7C87073C-C9BD-4674-BC17-E5FE780845BE}.Release|Any CPU.ActiveCfg = Release|Any CPU
		{7C87073C-C9BD-4674-BC17-E5FE780845BE}.Release|Any CPU.Build.0 = Release|Any CPU
	EndGlobalSection
	GlobalSection(SolutionProperties) = preSolution
		HideSolutionNode = FALSE
	EndGlobalSection
	GlobalSection(NestedProjects) = preSolution
		{7E8D9CD0-FFD6-4EF9-96BC-985087EEBB8B} = {042F9A39-8315-4B75-A7A6-41E69BF0FC2E}
		{AB474A57-BBE1-438F-AA43-FEB40D2A9B6C} = {042F9A39-8315-4B75-A7A6-41E69BF0FC2E}
		{9F0322A1-4582-4459-9575-1EE34EE38CA7} = {042F9A39-8315-4B75-A7A6-41E69BF0FC2E}
		{73AEB3B2-0762-45AB-AD02-3A8EC1B028FB} = {042F9A39-8315-4B75-A7A6-41E69BF0FC2E}
		{71A4F389-1EBB-4A4D-B201-B4E673D6B694} = {042F9A39-8315-4B75-A7A6-41E69BF0FC2E}
		{B061692F-4E90-46B6-AF08-D275F3137454} = {042F9A39-8315-4B75-A7A6-41E69BF0FC2E}
		{16DACFE0-1B83-42E0-AE52-BDF7E36F5A23} = {042F9A39-8315-4B75-A7A6-41E69BF0FC2E}
		{9B3DA5DA-4B08-47C0-AB11-4BE94E1D6FD5} = {042F9A39-8315-4B75-A7A6-41E69BF0FC2E}
		{E7EDF049-A34A-463E-88AA-AC7126C9321F} = {042F9A39-8315-4B75-A7A6-41E69BF0FC2E}
		{946A8E87-040E-4919-AA4A-F3EB82144D6A} = {042F9A39-8315-4B75-A7A6-41E69BF0FC2E}
		{0D8AAE92-A1E8-4AE3-8EDF-E99AFC3404F4} = {042F9A39-8315-4B75-A7A6-41E69BF0FC2E}
		{889F5B72-4DDB-49E3-BA91-8DEB62913072} = {042F9A39-8315-4B75-A7A6-41E69BF0FC2E}
		{5863BAFB-CF74-495A-8D63-F6C8D5F7CDE4} = {042F9A39-8315-4B75-A7A6-41E69BF0FC2E}
		{7C87073C-C9BD-4674-BC17-E5FE780845BE} = {9598F333-8DBC-4F59-A1ED-A9256B6E0F2B}
	EndGlobalSection
	GlobalSection(ExtensibilityGlobals) = postSolution
		SolutionGuid = {0F513ACD-D19C-4912-A112-98F151EAA079}
	EndGlobalSection
EndGlobal
