
Microsoft Visual Studio Solution File, Format Version 12.00
# Visual Studio Version 17
VisualStudioVersion = 17.2.32602.215
MinimumVisualStudioVersion = 10.0.40219.1
Project("{9A19103F-16F7-4668-BE54-9A1E7A4F7556}") = "IntroTo.Auth.Jwt", "IntroTo.Auth.Jwt\IntroTo.Auth.Jwt.csproj", "{290B96CD-1031-486F-BFEF-37D7EC02FF15}"
EndProject
Project("{FAE04EC0-301F-11D3-BF4B-00C04F79EFBC}") = "IntroTo.Auth.Google", "IntroTo.Auth.Google\IntroTo.Auth.Google.csproj", "{6FB5688E-5B8F-431B-9308-B202FE4FF3B6}"
EndProject
Project("{FAE04EC0-301F-11D3-BF4B-00C04F79EFBC}") = "IntroTo.Auth.Schemas", "IntroTo.Auth.Schemas\IntroTo.Auth.Schemas.csproj", "{BD946A94-2DA2-4E9D-BF7C-B6D004B74155}"
EndProject
Global
	GlobalSection(SolutionConfigurationPlatforms) = preSolution
		Debug|Any CPU = Debug|Any CPU
		Release|Any CPU = Release|Any CPU
	EndGlobalSection
	GlobalSection(ProjectConfigurationPlatforms) = postSolution
		{290B96CD-1031-486F-BFEF-37D7EC02FF15}.Debug|Any CPU.ActiveCfg = Debug|Any CPU
		{290B96CD-1031-486F-BFEF-37D7EC02FF15}.Debug|Any CPU.Build.0 = Debug|Any CPU
		{290B96CD-1031-486F-BFEF-37D7EC02FF15}.Release|Any CPU.ActiveCfg = Release|Any CPU
		{290B96CD-1031-486F-BFEF-37D7EC02FF15}.Release|Any CPU.Build.0 = Release|Any CPU
		{6FB5688E-5B8F-431B-9308-B202FE4FF3B6}.Debug|Any CPU.ActiveCfg = Debug|Any CPU
		{6FB5688E-5B8F-431B-9308-B202FE4FF3B6}.Debug|Any CPU.Build.0 = Debug|Any CPU
		{6FB5688E-5B8F-431B-9308-B202FE4FF3B6}.Release|Any CPU.ActiveCfg = Release|Any CPU
		{6FB5688E-5B8F-431B-9308-B202FE4FF3B6}.Release|Any CPU.Build.0 = Release|Any CPU
		{BD946A94-2DA2-4E9D-BF7C-B6D004B74155}.Debug|Any CPU.ActiveCfg = Debug|Any CPU
		{BD946A94-2DA2-4E9D-BF7C-B6D004B74155}.Debug|Any CPU.Build.0 = Debug|Any CPU
		{BD946A94-2DA2-4E9D-BF7C-B6D004B74155}.Release|Any CPU.ActiveCfg = Release|Any CPU
		{BD946A94-2DA2-4E9D-BF7C-B6D004B74155}.Release|Any CPU.Build.0 = Release|Any CPU
	EndGlobalSection
	GlobalSection(SolutionProperties) = preSolution
		HideSolutionNode = FALSE
	EndGlobalSection
	GlobalSection(ExtensibilityGlobals) = postSolution
		SolutionGuid = {B5D317ED-C5EE-4C0E-81C8-9AF26ED97BC8}
	EndGlobalSection
EndGlobal
