
Microsoft Visual Studio Solution File, Format Version 12.00
# Visual Studio Version 17
VisualStudioVersion = 17.2.32602.215
MinimumVisualStudioVersion = 10.0.40219.1
Project("{9A19103F-16F7-4668-BE54-9A1E7A4F7556}") = "IntroTo.Auth.Jwt", "IntroTo.Auth.Jwt\IntroTo.Auth.Jwt.csproj", "{290B96CD-1031-486F-BFEF-37D7EC02FF15}"
EndProject
Project("{FAE04EC0-301F-11D3-BF4B-00C04F79EFBC}") = "IntroTo.Auth.Google", "IntroTo.Auth.Google\IntroTo.Auth.Google.csproj", "{6FB5688E-5B8F-431B-9308-B202FE4FF3B6}"
EndProject
Project("{FAE04EC0-301F-11D3-BF4B-00C04F79EFBC}") = "IntroTo.OIDC.IdentityServer", "IntroTo.OIDC.IdentityServer\IntroTo.OIDC.IdentityServer.csproj", "{EB5FD327-188A-4C2C-8779-7FB07DBD5D50}"
EndProject
Project("{FAE04EC0-301F-11D3-BF4B-00C04F79EFBC}") = "IntroTo.OIDC.Client", "IntroTo.OIDC.Client\IntroTo.OIDC.Client.csproj", "{5498A0C2-44E2-4811-82F2-11AB06413F07}"
EndProject
Global
	GlobalSection(SolutionConfigurationPlatforms) = preSolution
		Debug|Any CPU = Debug|Any CPU
		Release|Any CPU = Release|Any CPU
	EndGlobalSection
	GlobalSection(ProjectConfigurationPlatforms) = postSolution
		{290B96CD-1031-486F-BFEF-37D7EC02FF15}.Debug|Any CPU.ActiveCfg = Debug|Any CPU
		{290B96CD-1031-486F-BFEF-37D7EC02FF15}.Debug|Any CPU.Build.0 = Debug|Any CPU
		{290B96CD-1031-486F-BFEF-37D7EC02FF15}.Release|Any CPU.ActiveCfg = Release|Any CPU
		{290B96CD-1031-486F-BFEF-37D7EC02FF15}.Release|Any CPU.Build.0 = Release|Any CPU
		{6FB5688E-5B8F-431B-9308-B202FE4FF3B6}.Debug|Any CPU.ActiveCfg = Debug|Any CPU
		{6FB5688E-5B8F-431B-9308-B202FE4FF3B6}.Debug|Any CPU.Build.0 = Debug|Any CPU
		{6FB5688E-5B8F-431B-9308-B202FE4FF3B6}.Release|Any CPU.ActiveCfg = Release|Any CPU
		{6FB5688E-5B8F-431B-9308-B202FE4FF3B6}.Release|Any CPU.Build.0 = Release|Any CPU
		{EB5FD327-188A-4C2C-8779-7FB07DBD5D50}.Debug|Any CPU.ActiveCfg = Debug|Any CPU
		{EB5FD327-188A-4C2C-8779-7FB07DBD5D50}.Debug|Any CPU.Build.0 = Debug|Any CPU
		{EB5FD327-188A-4C2C-8779-7FB07DBD5D50}.Release|Any CPU.ActiveCfg = Release|Any CPU
		{EB5FD327-188A-4C2C-8779-7FB07DBD5D50}.Release|Any CPU.Build.0 = Release|Any CPU
		{EB5FD327-188A-4C2C-8779-7FB07DBD5D50}.Debug|Any CPU.Deploy.0 = Debug|Any CPU
		{5498A0C2-44E2-4811-82F2-11AB06413F07}.Debug|Any CPU.ActiveCfg = Debug|Any CPU
		{5498A0C2-44E2-4811-82F2-11AB06413F07}.Debug|Any CPU.Build.0 = Debug|Any CPU
		{5498A0C2-44E2-4811-82F2-11AB06413F07}.Release|Any CPU.ActiveCfg = Release|Any CPU
		{5498A0C2-44E2-4811-82F2-11AB06413F07}.Release|Any CPU.Build.0 = Release|Any CPU
		{5498A0C2-44E2-4811-82F2-11AB06413F07}.Debug|Any CPU.Deploy.0 = Debug|Any CPU
	EndGlobalSection
	GlobalSection(SolutionProperties) = preSolution
		HideSolutionNode = FALSE
	EndGlobalSection
	GlobalSection(ExtensibilityGlobals) = postSolution
		SolutionGuid = {B5D317ED-C5EE-4C0E-81C8-9AF26ED97BC8}
	EndGlobalSection
EndGlobal
