
Microsoft Visual Studio Solution File, Format Version 12.00
Project("{FAE04EC0-301F-11D3-BF4B-00C04F79EFBC}") = "IntroTo.OIDC.Client", "IntroTo.OIDC.Client\IntroTo.OIDC.Client.csproj", "{5CB19E4F-C15E-443B-B62A-8BB29D638D43}"
EndProject
Project("{FAE04EC0-301F-11D3-BF4B-00C04F79EFBC}") = "IntroTo.OIDC.IdentityServer", "IntroTo.OIDC.IdentityServer\IntroTo.OIDC.IdentityServer.csproj", "{5D786861-83B1-4FE9-8BD0-75C6D8635982}"
EndProject
Project("{FAE04EC0-301F-11D3-BF4B-00C04F79EFBC}") = "IntroTo.OIDC.Shared", "IntroTo.OIDC.Shared\IntroTo.OIDC.Shared.csproj", "{9B6D4D07-FFED-4BFD-AA80-10258D5511A4}"
EndProject
Project("{FAE04EC0-301F-11D3-BF4B-00C04F79EFBC}") = "IntroTo.OIDC.Console", "IntroTo.OIDC.Console\IntroTo.OIDC.Console.csproj", "{FBD6EA5F-126A-44D9-9794-F08717096719}"
EndProject
Global
	GlobalSection(SolutionConfigurationPlatforms) = preSolution
		Debug|Any CPU = Debug|Any CPU
		Release|Any CPU = Release|Any CPU
	EndGlobalSection
	GlobalSection(ProjectConfigurationPlatforms) = postSolution
		{5CB19E4F-C15E-443B-B62A-8BB29D638D43}.Debug|Any CPU.ActiveCfg = Debug|Any CPU
		{5CB19E4F-C15E-443B-B62A-8BB29D638D43}.Debug|Any CPU.Build.0 = Debug|Any CPU
		{5CB19E4F-C15E-443B-B62A-8BB29D638D43}.Release|Any CPU.ActiveCfg = Release|Any CPU
		{5CB19E4F-C15E-443B-B62A-8BB29D638D43}.Release|Any CPU.Build.0 = Release|Any CPU
		{5D786861-83B1-4FE9-8BD0-75C6D8635982}.Debug|Any CPU.ActiveCfg = Debug|Any CPU
		{5D786861-83B1-4FE9-8BD0-75C6D8635982}.Debug|Any CPU.Build.0 = Debug|Any CPU
		{5D786861-83B1-4FE9-8BD0-75C6D8635982}.Release|Any CPU.ActiveCfg = Release|Any CPU
		{5D786861-83B1-4FE9-8BD0-75C6D8635982}.Release|Any CPU.Build.0 = Release|Any CPU
		{9B6D4D07-FFED-4BFD-AA80-10258D5511A4}.Debug|Any CPU.ActiveCfg = Debug|Any CPU
		{9B6D4D07-FFED-4BFD-AA80-10258D5511A4}.Debug|Any CPU.Build.0 = Debug|Any CPU
		{9B6D4D07-FFED-4BFD-AA80-10258D5511A4}.Release|Any CPU.ActiveCfg = Release|Any CPU
		{9B6D4D07-FFED-4BFD-AA80-10258D5511A4}.Release|Any CPU.Build.0 = Release|Any CPU
		{FBD6EA5F-126A-44D9-9794-F08717096719}.Debug|Any CPU.ActiveCfg = Debug|Any CPU
		{FBD6EA5F-126A-44D9-9794-F08717096719}.Debug|Any CPU.Build.0 = Debug|Any CPU
		{FBD6EA5F-126A-44D9-9794-F08717096719}.Release|Any CPU.ActiveCfg = Release|Any CPU
		{FBD6EA5F-126A-44D9-9794-F08717096719}.Release|Any CPU.Build.0 = Release|Any CPU
	EndGlobalSection
EndGlobal
